
Microsoft Visual Studio Solution File, Format Version 12.00
# Visual Studio 15
VisualStudioVersion = 15.0.26228.4
MinimumVisualStudioVersion = 10.0.40219.1
Project("{FAE04EC0-301F-11D3-BF4B-00C04F79EFBC}") = "UIL", "FindYourFiles\UIL.csproj", "{B07E48A5-009B-4E6E-B7A2-F578ADEC1A90}"
EndProject
Project("{FAE04EC0-301F-11D3-BF4B-00C04F79EFBC}") = "DAL", "DAL\DAL.csproj", "{ACC54CA0-2C47-4BE4-B777-D8DC38B79AC3}"
EndProject
Project("{FAE04EC0-301F-11D3-BF4B-00C04F79EFBC}") = "BOL", "BOL\BOL.csproj", "{339F56AC-01AE-4DB6-AD01-39A9446D0C41}"
EndProject
Project("{FAE04EC0-301F-11D3-BF4B-00C04F79EFBC}") = "BLL", "BLL\BLL.csproj", "{58DFA9E0-E1B3-410E-9669-81E37976BD64}"
EndProject
Global
	GlobalSection(SolutionConfigurationPlatforms) = preSolution
		Debug|Any CPU = Debug|Any CPU
		Release|Any CPU = Release|Any CPU
	EndGlobalSection
	GlobalSection(ProjectConfigurationPlatforms) = postSolution
		{B07E48A5-009B-4E6E-B7A2-F578ADEC1A90}.Debug|Any CPU.ActiveCfg = Debug|Any CPU
		{B07E48A5-009B-4E6E-B7A2-F578ADEC1A90}.Debug|Any CPU.Build.0 = Debug|Any CPU
		{B07E48A5-009B-4E6E-B7A2-F578ADEC1A90}.Release|Any CPU.ActiveCfg = Release|Any CPU
		{B07E48A5-009B-4E6E-B7A2-F578ADEC1A90}.Release|Any CPU.Build.0 = Release|Any CPU
		{ACC54CA0-2C47-4BE4-B777-D8DC38B79AC3}.Debug|Any CPU.ActiveCfg = Debug|Any CPU
		{ACC54CA0-2C47-4BE4-B777-D8DC38B79AC3}.Debug|Any CPU.Build.0 = Debug|Any CPU
		{ACC54CA0-2C47-4BE4-B777-D8DC38B79AC3}.Release|Any CPU.ActiveCfg = Release|Any CPU
		{ACC54CA0-2C47-4BE4-B777-D8DC38B79AC3}.Release|Any CPU.Build.0 = Release|Any CPU
		{339F56AC-01AE-4DB6-AD01-39A9446D0C41}.Debug|Any CPU.ActiveCfg = Debug|Any CPU
		{339F56AC-01AE-4DB6-AD01-39A9446D0C41}.Debug|Any CPU.Build.0 = Debug|Any CPU
		{339F56AC-01AE-4DB6-AD01-39A9446D0C41}.Release|Any CPU.ActiveCfg = Release|Any CPU
		{339F56AC-01AE-4DB6-AD01-39A9446D0C41}.Release|Any CPU.Build.0 = Release|Any CPU
		{58DFA9E0-E1B3-410E-9669-81E37976BD64}.Debug|Any CPU.ActiveCfg = Debug|Any CPU
		{58DFA9E0-E1B3-410E-9669-81E37976BD64}.Debug|Any CPU.Build.0 = Debug|Any CPU
		{58DFA9E0-E1B3-410E-9669-81E37976BD64}.Release|Any CPU.ActiveCfg = Release|Any CPU
		{58DFA9E0-E1B3-410E-9669-81E37976BD64}.Release|Any CPU.Build.0 = Release|Any CPU
	EndGlobalSection
	GlobalSection(SolutionProperties) = preSolution
		HideSolutionNode = FALSE
	EndGlobalSection
EndGlobal
